
Microsoft Visual Studio Solution File, Format Version 12.00
# Visual Studio Version 17
VisualStudioVersion = 17.13.35931.197
MinimumVisualStudioVersion = 10.0.40219.1
Project("{FAE04EC0-301F-11D3-BF4B-00C04F79EFBC}") = "RoslynMCP", "RoslynMCP\RoslynMCP.csproj", "{7449FF40-828C-4A62-9AD6-3DEB3D1BF3EB}"
EndProject
Project("{FAE04EC0-301F-11D3-BF4B-00C04F79EFBC}") = "TestApp", "TestApp\TestApp.csproj", "{A1B2C3D4-E5F6-7890-ABCD-EF1234567890}"
EndProject
Project("{2150E333-8FDC-42A3-9474-1A3956D46DE8}") = "Tests", "Tests", "{02EA681E-C7D8-13C7-8484-4AC65E1B71E8}"
EndProject
Project("{FAE04EC0-301F-11D3-BF4B-00C04F79EFBC}") = "RoslynMCP.Tests", "Tests\RoslynMCP.Tests\RoslynMCP.Tests.csproj", "{32BECE51-8D84-F2A8-F829-17CFCA8A6EAC}"
EndProject
Project("{FAE04EC0-301F-11D3-BF4B-00C04F79EFBC}") = "FileWatcherTest", "FileWatcherTest\FileWatcherTest.csproj", "{42BECE51-8D84-F2A8-F829-17CFCA8A6EAD}"
EndProject
Global
	GlobalSection(SolutionConfigurationPlatforms) = preSolution
		Debug|Any CPU = Debug|Any CPU
		Release|Any CPU = Release|Any CPU
	EndGlobalSection
	GlobalSection(ProjectConfigurationPlatforms) = postSolution
		{7449FF40-828C-4A62-9AD6-3DEB3D1BF3EB}.Debug|Any CPU.ActiveCfg = Debug|Any CPU
		{7449FF40-828C-4A62-9AD6-3DEB3D1BF3EB}.Debug|Any CPU.Build.0 = Debug|Any CPU
		{7449FF40-828C-4A62-9AD6-3DEB3D1BF3EB}.Release|Any CPU.ActiveCfg = Release|Any CPU
		{7449FF40-828C-4A62-9AD6-3DEB3D1BF3EB}.Release|Any CPU.Build.0 = Release|Any CPU
		{A1B2C3D4-E5F6-7890-ABCD-EF1234567890}.Debug|Any CPU.ActiveCfg = Debug|Any CPU
		{A1B2C3D4-E5F6-7890-ABCD-EF1234567890}.Debug|Any CPU.Build.0 = Debug|Any CPU
		{A1B2C3D4-E5F6-7890-ABCD-EF1234567890}.Release|Any CPU.ActiveCfg = Release|Any CPU
		{A1B2C3D4-E5F6-7890-ABCD-EF1234567890}.Release|Any CPU.Build.0 = Release|Any CPU
		{32BECE51-8D84-F2A8-F829-17CFCA8A6EAC}.Debug|Any CPU.ActiveCfg = Debug|Any CPU
		{32BECE51-8D84-F2A8-F829-17CFCA8A6EAC}.Debug|Any CPU.Build.0 = Debug|Any CPU
		{32BECE51-8D84-F2A8-F829-17CFCA8A6EAC}.Release|Any CPU.ActiveCfg = Release|Any CPU
		{32BECE51-8D84-F2A8-F829-17CFCA8A6EAC}.Release|Any CPU.Build.0 = Release|Any CPU
		{42BECE51-8D84-F2A8-F829-17CFCA8A6EAD}.Debug|Any CPU.ActiveCfg = Debug|Any CPU
		{42BECE51-8D84-F2A8-F829-17CFCA8A6EAD}.Debug|Any CPU.Build.0 = Debug|Any CPU
		{42BECE51-8D84-F2A8-F829-17CFCA8A6EAD}.Release|Any CPU.ActiveCfg = Release|Any CPU
		{42BECE51-8D84-F2A8-F829-17CFCA8A6EAD}.Release|Any CPU.Build.0 = Release|Any CPU
	EndGlobalSection
	GlobalSection(SolutionProperties) = preSolution
		HideSolutionNode = FALSE
	EndGlobalSection
	GlobalSection(NestedProjects) = preSolution
		{32BECE51-8D84-F2A8-F829-17CFCA8A6EAC} = {02EA681E-C7D8-13C7-8484-4AC65E1B71E8}
	EndGlobalSection
	GlobalSection(ExtensibilityGlobals) = postSolution
		SolutionGuid = {C9F1A6D4-98DF-4E1F-8FF7-4F249B3E8396}
	EndGlobalSection
EndGlobal
